
Microsoft Visual Studio Solution File, Format Version 12.00
# Visual Studio Version 16
VisualStudioVersion = 16.0.28803.202
MinimumVisualStudioVersion = 10.0.40219.1
Project("{2150E333-8FDC-42A3-9474-1A3956D46DE8}") = "api", "api", "{D21FB685-A47B-431A-BFF9-04D7BF02D37B}"
EndProject
Project("{2150E333-8FDC-42A3-9474-1A3956D46DE8}") = "src", "src", "{FD7B46D2-BCFB-44EB-906D-9710BAEEECA6}"
EndProject
Project("{2150E333-8FDC-42A3-9474-1A3956D46DE8}") = "0 - Common", "0 - Common", "{52968E06-0957-46F9-8262-2F8F0179FB99}"
EndProject
Project("{2150E333-8FDC-42A3-9474-1A3956D46DE8}") = "1 - Infra", "1 - Infra", "{606590AC-47E1-494A-B858-C882FF0F4B4C}"
EndProject
Project("{2150E333-8FDC-42A3-9474-1A3956D46DE8}") = "1.1 - CrossCutting", "1.1 - CrossCutting", "{BDDD3D25-9D27-4B2C-B285-3FCAA4A234B0}"
EndProject
Project("{9A19103F-16F7-4668-BE54-9A1E7A4F7556}") = "Hcqn.Infra.EntityFramework.Extensions", "src\backend\Hcqn.Infra.CrossCutting.EntityFramework.Extensions\Hcqn.Infra.EntityFramework.Extensions.csproj", "{638579B5-1250-4D26-8C98-8C7F757BD152}"
EndProject
Project("{9A19103F-16F7-4668-BE54-9A1E7A4F7556}") = "Hcqn.Infra.CrossCutting.Identity", "src\backend\Hcqn.Infra.CrossCutting.Identity\Hcqn.Infra.CrossCutting.Identity.csproj", "{CA334480-3AA9-4B10-9854-E6B52C976BC9}"
EndProject
Project("{2150E333-8FDC-42A3-9474-1A3956D46DE8}") = "1.1.1 - Identity", "1.1.1 - Identity", "{8803A2E9-DA09-485D-8CF7-9026AC5084C1}"
EndProject
Project("{2150E333-8FDC-42A3-9474-1A3956D46DE8}") = "1.1.2 - JWT", "1.1.2 - JWT", "{772E713D-B8FD-4D59-B5DA-61DC1AE0F3B1}"
EndProject
Project("{9A19103F-16F7-4668-BE54-9A1E7A4F7556}") = "Hcqn.Infra.CrossCutting.Jwt", "src\backend\Hcqn.Infra.CrossCutting.Jwt\Hcqn.Infra.CrossCutting.Jwt.csproj", "{9F2A9984-6911-4432-BF10-E4E3A878279D}"
EndProject
Project("{9A19103F-16F7-4668-BE54-9A1E7A4F7556}") = "Api", "src\backend\Hcqn.Api\Api.csproj", "{1C54126F-D4E6-4619-869F-1DD65A66E48B}"
EndProject
Project("{2150E333-8FDC-42A3-9474-1A3956D46DE8}") = "3 - Administrações", "3 - Administrações", "{2A8535F3-55A3-46F0-9405-73D4C74CA56E}"
EndProject
Project("{9A19103F-16F7-4668-BE54-9A1E7A4F7556}") = "Hcqn.AdministracaoUsuario.Infrastructure", "src\backend\Hcqn.AdministracaoUsuario.Infrastructure\Hcqn.AdministracaoUsuario.Infrastructure.csproj", "{0496B6CC-617E-448F-A2FE-8D9788FB9FF2}"
EndProject
Project("{9A19103F-16F7-4668-BE54-9A1E7A4F7556}") = "Hcqn.AdministracaoUsuario.IoC", "src\backend\Hcqn.AdministracaoUsuario.IoC\Hcqn.AdministracaoUsuario.IoC.csproj", "{367A57D9-5058-4182-AA66-729EEAB49A06}"
EndProject
Project("{9A19103F-16F7-4668-BE54-9A1E7A4F7556}") = "Hcqn.Infra.CrossCutting.Identity.Configurations", "src\backend\Hcqn.Infra.CrossCutting.Identity.Configurations\Hcqn.Infra.CrossCutting.Identity.Configurations.csproj", "{63E92641-CEF2-41FA-978B-ECF8FA0BD3FD}"
EndProject
Project("{2150E333-8FDC-42A3-9474-1A3956D46DE8}") = "3.1 - Usuários, Grupos e  Permissões", "3.1 - Usuários, Grupos e  Permissões", "{7ADC06D7-6B81-470F-A138-855C8D816507}"
EndProject
Project("{2150E333-8FDC-42A3-9474-1A3956D46DE8}") = "4 - Pessoas", "4 - Pessoas", "{1BBBFB08-5CAE-4E38-872C-350406B9C34D}"
EndProject
Project("{9A19103F-16F7-4668-BE54-9A1E7A4F7556}") = "Hcqn.AdministracaoPessoas.Infrastructure", "src\backend\Hcqn.AdministracaoPessoas.Infrastructure\Hcqn.AdministracaoPessoas.Infrastructure.csproj", "{4093CFD7-B4B1-496C-8918-9B1966D6B784}"
EndProject
Project("{9A19103F-16F7-4668-BE54-9A1E7A4F7556}") = "Hcqn.AdministracaoPessoas.IoC", "src\backend\Hcqn.AdministracaoPessoas.IoC\Hcqn.AdministracaoPessoas.IoC.csproj", "{BE016D3C-907A-41AD-BC93-74437CC1AC0A}"
EndProject
Project("{2150E333-8FDC-42A3-9474-1A3956D46DE8}") = "1.2 - EventSourcing", "1.2 - EventSourcing", "{D8BFEED2-ECF7-43F8-9160-AA65A54A2B86}"
EndProject
Project("{9A19103F-16F7-4668-BE54-9A1E7A4F7556}") = "Hcqn.EventSourcing", "src\backend\Hcqn.EventSourcing\Hcqn.EventSourcing.csproj", "{A1F0F93E-7B7B-4A0B-81F4-EA5DC2DCD62E}"
EndProject
Project("{9A19103F-16F7-4668-BE54-9A1E7A4F7556}") = "Hcqn.EventSourcing.IoC", "src\backend\Hcqn.EventSourcing.IoC\Hcqn.EventSourcing.IoC.csproj", "{CE666506-0ECD-44C6-8006-876B7DF3CBFF}"
EndProject
Project("{E53339B2-1760-4266-BCC7-CA923CBCF16C}") = "docker-compose", "docker-compose.dcproj", "{BC379A9F-0229-4E85-9A6A-5D06D0938484}"
EndProject
Project("{2150E333-8FDC-42A3-9474-1A3956D46DE8}") = "2 - Domain", "2 - Domain", "{3563559A-F3BF-47E4-99CE-7C9B5E75DA67}"
EndProject
Project("{9A19103F-16F7-4668-BE54-9A1E7A4F7556}") = "Hcqn.Domain", "src\backend\Hcqn.Domain\Hcqn.Domain.csproj", "{53A8FDBB-B502-4C10-AAE1-D5469FC83EB9}"
EndProject
Project("{2150E333-8FDC-42A3-9474-1A3956D46DE8}") = "tests", "tests", "{E52491C6-3274-4A5F-A214-146BA1F1A6C3}"
EndProject
Project("{9A19103F-16F7-4668-BE54-9A1E7A4F7556}") = "Hcqn.Core.UnitTests", "tests\Egl.Core.UnitTests\Hcqn.Core.UnitTests.csproj", "{76710775-6272-429E-8632-46852E3C7C74}"
EndProject
Project("{9A19103F-16F7-4668-BE54-9A1E7A4F7556}") = "Hcqn.EventSourcing.UnitTests", "tests\Hcqn.EventSourcing.UnitTests\Hcqn.EventSourcing.UnitTests.csproj", "{681A22C5-93E3-4B65-898A-87978B414099}"
EndProject
Project("{2150E333-8FDC-42A3-9474-1A3956D46DE8}") = "1.3 - Database", "1.3 - Database", "{3F6B3D90-9BC4-4307-8240-ACC3E8CB062B}"
EndProject
Project("{9A19103F-16F7-4668-BE54-9A1E7A4F7556}") = "Hqn.Infra.EntityFramework.InMemory", "src\backend\Hcqn.Infra.EntityFramework.InMemory\Hqn.Infra.EntityFramework.InMemory.csproj", "{F6CBC07B-5465-4292-A27F-1CA9AE6C5EDF}"
EndProject
Project("{9A19103F-16F7-4668-BE54-9A1E7A4F7556}") = "Hcqn.Infra.EntityFramework.PostgreSQL", "src\backend\Hcqn.Infra.EntityFramework.PostgreSQL\Hcqn.Infra.EntityFramework.PostgreSQL.csproj", "{F0F7B998-10A6-4525-97D5-1EEE1DD29A24}"
EndProject
Project("{9A19103F-16F7-4668-BE54-9A1E7A4F7556}") = "Hcqn.EventSourcing.EntityFramework.PostgreSQL", "src\backend\Hcqn.EventSourcing.EntityFramework.PostgreSQL\Hcqn.EventSourcing.EntityFramework.PostgreSQL.csproj", "{8969AA57-6A99-4F6D-BC90-EF490DE4731A}"
EndProject
Project("{9A19103F-16F7-4668-BE54-9A1E7A4F7556}") = "Hcqn.EventSourcing.EntityFramework.InMemory", "src\backend\Hcqn.EventSourcing.EntityFramework.InMemory\Hcqn.EventSourcing.EntityFramework.InMemory.csproj", "{2E0B8E6F-7EE7-4E11-8B4B-9F55BE1D40F7}"
EndProject
Project("{9A19103F-16F7-4668-BE54-9A1E7A4F7556}") = "Hcqn.Infra.EntityFramework.UnitOfWork.UnitTests", "tests\Microsoft.EntityFrameworkCore.UnitOfWork.UnitTests\Hcqn.Infra.EntityFramework.UnitOfWork.UnitTests.csproj", "{9A412A9C-DCAF-4ED9-A980-5F2145D0B655}"
EndProject
Project("{2150E333-8FDC-42A3-9474-1A3956D46DE8}") = "UnitTests", "UnitTests", "{D52EED58-AA9A-4273-A0D5-594814DD9DC9}"
EndProject
Project("{2150E333-8FDC-42A3-9474-1A3956D46DE8}") = "Solution Items", "Solution Items", "{5FAC55F9-A670-4DC8-8C06-0FFFD5FBC997}"
	ProjectSection(SolutionItems) = preProject
		CHANGELOG.md = CHANGELOG.md
	EndProjectSection
EndProject
Project("{9A19103F-16F7-4668-BE54-9A1E7A4F7556}") = "Hcqn.AdministracaoPessoas.Application", "src\backend\Hcqn.AdministracaoPessoas.Application\Hcqn.AdministracaoPessoas.Application.csproj", "{949E98AE-EFB7-4319-8A07-581F95A5F875}"
EndProject
Project("{9A19103F-16F7-4668-BE54-9A1E7A4F7556}") = "Hcqn.AdministracaoUsuario.Application", "src\backend\Hcqn.AdministracaoUsuario.Application\Hcqn.AdministracaoUsuario.Application.csproj", "{CE53CE2D-1DF8-4043-A1C1-1A3455D232EB}"
EndProject
Project("{2150E333-8FDC-42A3-9474-1A3956D46DE8}") = "1.4 - Caching", "1.4 - Caching", "{C40FCD04-1EA0-4E1F-BE91-5094CEFFD75C}"
EndProject
Project("{9A19103F-16F7-4668-BE54-9A1E7A4F7556}") = "Hcqn.Caching", "src\backend\Hcqn.Caching\Hcqn.Caching.csproj", "{DE3E51FC-789B-4977-92EF-02146C233A3A}"
EndProject
Project("{9A19103F-16F7-4668-BE54-9A1E7A4F7556}") = "Core.Models", "src\backend\Core\Core.Models\Core.Models.csproj", "{411E0FD4-F11E-4E1B-AF54-6C1D7A6473CD}"
EndProject
Project("{9A19103F-16F7-4668-BE54-9A1E7A4F7556}") = "Core.Notifications.Abstractions", "src\backend\Core\Core.Notifications.Abstractions\Core.Notifications.Abstractions.csproj", "{7CF371D9-1629-4244-B35D-1BE9BB786972}"
EndProject
Project("{9A19103F-16F7-4668-BE54-9A1E7A4F7556}") = "Core.Tango", "src\backend\Core\Core.Tango\Core.Tango.csproj", "{127B6F5D-5E98-44AF-BC10-C51A4C483145}"
EndProject
Project("{9A19103F-16F7-4668-BE54-9A1E7A4F7556}") = "Core.UnitOfWork.Abstractions", "src\backend\Core\Core.UnitOfWork.Abstractions\Core.UnitOfWork.Abstractions.csproj", "{2E92E8F2-5FD4-4011-8ACC-4B2967CAB4A1}"
EndProject
Project("{9A19103F-16F7-4668-BE54-9A1E7A4F7556}") = "Core.Notifications", "src\backend\Core\Core.Notifications\Core.Notifications.csproj", "{60904A87-149E-4CE0-80A3-CA9BB6B971E2}"
EndProject
Project("{9A19103F-16F7-4668-BE54-9A1E7A4F7556}") = "Core.Bus.Abstractions", "src\backend\Core\Core.Bus.Abstractions\Core.Bus.Abstractions.csproj", "{DBF1F04D-7826-4B9F-A50D-92FF335002C4}"
EndProject
Project("{9A19103F-16F7-4668-BE54-9A1E7A4F7556}") = "Core.Bus", "src\backend\Core\Core.Bus\Core.Bus.csproj", "{69E26296-9EAA-41CE-8388-E6026EAE05EB}"
EndProject
Project("{9A19103F-16F7-4668-BE54-9A1E7A4F7556}") = "Core.UnitOfWork", "src\backend\Core\Core.UnitOfWork\Core.UnitOfWork.csproj", "{8BFCD5B0-E47B-48A5-92F5-8665D8826AEC}"
EndProject
Project("{9A19103F-16F7-4668-BE54-9A1E7A4F7556}") = "Core.Events.Abstractions", "src\backend\Core\Core.Events.Abstractions\Core.Events.Abstractions.csproj", "{6F0C238D-926A-46E8-A1D3-86FACA6C5F02}"
EndProject
Project("{9A19103F-16F7-4668-BE54-9A1E7A4F7556}") = "Core.Commands", "src\backend\Core\Core.Commands\Core.Commands.csproj", "{8E6597E1-4D8B-4BD2-9F8E-C87A8C9588F1}"
EndProject
Project("{9A19103F-16F7-4668-BE54-9A1E7A4F7556}") = "Core.Types", "src\backend\Core\Core.Types\Core.Types.csproj", "{8A64A6BD-B1E9-4018-B8D2-1556FC282718}"
EndProject
Project("{9A19103F-16F7-4668-BE54-9A1E7A4F7556}") = "Core.Identity.Abstractions", "src\backend\Core\Core.Identity.Abstractions\Core.Identity.Abstractions.csproj", "{2FF1570F-FC19-454A-A565-57499075C42B}"
EndProject
Project("{9A19103F-16F7-4668-BE54-9A1E7A4F7556}") = "Core.Gis", "src\backend\Core\Core.Gis\Core.Gis.csproj", "{7F00E98A-063E-49F7-A8A4-6831472C536A}"
EndProject
Project("{9A19103F-16F7-4668-BE54-9A1E7A4F7556}") = "Core.Models.Extensions.CustomValidators", "src\backend\Core\Core.Models.Extensions.CustomValidators\Core.Models.Extensions.CustomValidators.csproj", "{4D1B31E2-2AF3-4879-97DC-656028065643}"
EndProject
Project("{2150E333-8FDC-42A3-9474-1A3956D46DE8}") = "Abstractions", "Abstractions", "{51A880A9-6A4C-401B-9969-17EE9958A63D}"
EndProject
Project("{2150E333-8FDC-42A3-9474-1A3956D46DE8}") = "Extensions", "Extensions", "{D8D3A691-10D4-4803-A49B-D5040E997711}"
EndProject
Project("{9A19103F-16F7-4668-BE54-9A1E7A4F7556}") = "Core.Models.Extensions.NetTopologySuite", "src\backend\Core\Core.Models.Extensions.NetTopologySuite\Core.Models.Extensions.NetTopologySuite.csproj", "{90EA665A-0505-4354-B543-68D9033B479F}"
EndProject
Project("{9A19103F-16F7-4668-BE54-9A1E7A4F7556}") = "Core.Types.Tests", "tests\Core.Types.Tests\Core.Types.Tests.csproj", "{850B0A36-79D0-494A-8B97-86E42EC49634}"
EndProject
Global
	GlobalSection(SolutionConfigurationPlatforms) = preSolution
		Debug|Any CPU = Debug|Any CPU
		Release|Any CPU = Release|Any CPU
	EndGlobalSection
	GlobalSection(ProjectConfigurationPlatforms) = postSolution
		{638579B5-1250-4D26-8C98-8C7F757BD152}.Debug|Any CPU.ActiveCfg = Debug|Any CPU
		{638579B5-1250-4D26-8C98-8C7F757BD152}.Debug|Any CPU.Build.0 = Debug|Any CPU
		{638579B5-1250-4D26-8C98-8C7F757BD152}.Release|Any CPU.ActiveCfg = Release|Any CPU
		{638579B5-1250-4D26-8C98-8C7F757BD152}.Release|Any CPU.Build.0 = Release|Any CPU
		{CA334480-3AA9-4B10-9854-E6B52C976BC9}.Debug|Any CPU.ActiveCfg = Debug|Any CPU
		{CA334480-3AA9-4B10-9854-E6B52C976BC9}.Debug|Any CPU.Build.0 = Debug|Any CPU
		{CA334480-3AA9-4B10-9854-E6B52C976BC9}.Release|Any CPU.ActiveCfg = Release|Any CPU
		{CA334480-3AA9-4B10-9854-E6B52C976BC9}.Release|Any CPU.Build.0 = Release|Any CPU
		{9F2A9984-6911-4432-BF10-E4E3A878279D}.Debug|Any CPU.ActiveCfg = Debug|Any CPU
		{9F2A9984-6911-4432-BF10-E4E3A878279D}.Debug|Any CPU.Build.0 = Debug|Any CPU
		{9F2A9984-6911-4432-BF10-E4E3A878279D}.Release|Any CPU.ActiveCfg = Release|Any CPU
		{9F2A9984-6911-4432-BF10-E4E3A878279D}.Release|Any CPU.Build.0 = Release|Any CPU
		{1C54126F-D4E6-4619-869F-1DD65A66E48B}.Debug|Any CPU.ActiveCfg = Debug|Any CPU
		{1C54126F-D4E6-4619-869F-1DD65A66E48B}.Debug|Any CPU.Build.0 = Debug|Any CPU
		{1C54126F-D4E6-4619-869F-1DD65A66E48B}.Release|Any CPU.ActiveCfg = Release|Any CPU
		{1C54126F-D4E6-4619-869F-1DD65A66E48B}.Release|Any CPU.Build.0 = Release|Any CPU
		{0496B6CC-617E-448F-A2FE-8D9788FB9FF2}.Debug|Any CPU.ActiveCfg = Debug|Any CPU
		{0496B6CC-617E-448F-A2FE-8D9788FB9FF2}.Debug|Any CPU.Build.0 = Debug|Any CPU
		{0496B6CC-617E-448F-A2FE-8D9788FB9FF2}.Release|Any CPU.ActiveCfg = Release|Any CPU
		{0496B6CC-617E-448F-A2FE-8D9788FB9FF2}.Release|Any CPU.Build.0 = Release|Any CPU
		{367A57D9-5058-4182-AA66-729EEAB49A06}.Debug|Any CPU.ActiveCfg = Debug|Any CPU
		{367A57D9-5058-4182-AA66-729EEAB49A06}.Debug|Any CPU.Build.0 = Debug|Any CPU
		{367A57D9-5058-4182-AA66-729EEAB49A06}.Release|Any CPU.ActiveCfg = Release|Any CPU
		{367A57D9-5058-4182-AA66-729EEAB49A06}.Release|Any CPU.Build.0 = Release|Any CPU
		{63E92641-CEF2-41FA-978B-ECF8FA0BD3FD}.Debug|Any CPU.ActiveCfg = Debug|Any CPU
		{63E92641-CEF2-41FA-978B-ECF8FA0BD3FD}.Debug|Any CPU.Build.0 = Debug|Any CPU
		{63E92641-CEF2-41FA-978B-ECF8FA0BD3FD}.Release|Any CPU.ActiveCfg = Release|Any CPU
		{63E92641-CEF2-41FA-978B-ECF8FA0BD3FD}.Release|Any CPU.Build.0 = Release|Any CPU
		{4093CFD7-B4B1-496C-8918-9B1966D6B784}.Debug|Any CPU.ActiveCfg = Debug|Any CPU
		{4093CFD7-B4B1-496C-8918-9B1966D6B784}.Debug|Any CPU.Build.0 = Debug|Any CPU
		{4093CFD7-B4B1-496C-8918-9B1966D6B784}.Release|Any CPU.ActiveCfg = Release|Any CPU
		{4093CFD7-B4B1-496C-8918-9B1966D6B784}.Release|Any CPU.Build.0 = Release|Any CPU
		{BE016D3C-907A-41AD-BC93-74437CC1AC0A}.Debug|Any CPU.ActiveCfg = Debug|Any CPU
		{BE016D3C-907A-41AD-BC93-74437CC1AC0A}.Debug|Any CPU.Build.0 = Debug|Any CPU
		{BE016D3C-907A-41AD-BC93-74437CC1AC0A}.Release|Any CPU.ActiveCfg = Release|Any CPU
		{BE016D3C-907A-41AD-BC93-74437CC1AC0A}.Release|Any CPU.Build.0 = Release|Any CPU
		{A1F0F93E-7B7B-4A0B-81F4-EA5DC2DCD62E}.Debug|Any CPU.ActiveCfg = Debug|Any CPU
		{A1F0F93E-7B7B-4A0B-81F4-EA5DC2DCD62E}.Debug|Any CPU.Build.0 = Debug|Any CPU
		{A1F0F93E-7B7B-4A0B-81F4-EA5DC2DCD62E}.Release|Any CPU.ActiveCfg = Release|Any CPU
		{A1F0F93E-7B7B-4A0B-81F4-EA5DC2DCD62E}.Release|Any CPU.Build.0 = Release|Any CPU
		{CE666506-0ECD-44C6-8006-876B7DF3CBFF}.Debug|Any CPU.ActiveCfg = Debug|Any CPU
		{CE666506-0ECD-44C6-8006-876B7DF3CBFF}.Debug|Any CPU.Build.0 = Debug|Any CPU
		{CE666506-0ECD-44C6-8006-876B7DF3CBFF}.Release|Any CPU.ActiveCfg = Release|Any CPU
		{CE666506-0ECD-44C6-8006-876B7DF3CBFF}.Release|Any CPU.Build.0 = Release|Any CPU
		{BC379A9F-0229-4E85-9A6A-5D06D0938484}.Debug|Any CPU.ActiveCfg = Debug|Any CPU
		{BC379A9F-0229-4E85-9A6A-5D06D0938484}.Debug|Any CPU.Build.0 = Debug|Any CPU
		{BC379A9F-0229-4E85-9A6A-5D06D0938484}.Release|Any CPU.ActiveCfg = Release|Any CPU
		{BC379A9F-0229-4E85-9A6A-5D06D0938484}.Release|Any CPU.Build.0 = Release|Any CPU
		{53A8FDBB-B502-4C10-AAE1-D5469FC83EB9}.Debug|Any CPU.ActiveCfg = Debug|Any CPU
		{53A8FDBB-B502-4C10-AAE1-D5469FC83EB9}.Debug|Any CPU.Build.0 = Debug|Any CPU
		{53A8FDBB-B502-4C10-AAE1-D5469FC83EB9}.Release|Any CPU.ActiveCfg = Release|Any CPU
		{53A8FDBB-B502-4C10-AAE1-D5469FC83EB9}.Release|Any CPU.Build.0 = Release|Any CPU
		{76710775-6272-429E-8632-46852E3C7C74}.Debug|Any CPU.ActiveCfg = Debug|Any CPU
		{76710775-6272-429E-8632-46852E3C7C74}.Debug|Any CPU.Build.0 = Debug|Any CPU
		{76710775-6272-429E-8632-46852E3C7C74}.Release|Any CPU.ActiveCfg = Release|Any CPU
		{76710775-6272-429E-8632-46852E3C7C74}.Release|Any CPU.Build.0 = Release|Any CPU
		{681A22C5-93E3-4B65-898A-87978B414099}.Debug|Any CPU.ActiveCfg = Debug|Any CPU
		{681A22C5-93E3-4B65-898A-87978B414099}.Debug|Any CPU.Build.0 = Debug|Any CPU
		{681A22C5-93E3-4B65-898A-87978B414099}.Release|Any CPU.ActiveCfg = Release|Any CPU
		{681A22C5-93E3-4B65-898A-87978B414099}.Release|Any CPU.Build.0 = Release|Any CPU
		{F6CBC07B-5465-4292-A27F-1CA9AE6C5EDF}.Debug|Any CPU.ActiveCfg = Debug|Any CPU
		{F6CBC07B-5465-4292-A27F-1CA9AE6C5EDF}.Debug|Any CPU.Build.0 = Debug|Any CPU
		{F6CBC07B-5465-4292-A27F-1CA9AE6C5EDF}.Release|Any CPU.ActiveCfg = Release|Any CPU
		{F6CBC07B-5465-4292-A27F-1CA9AE6C5EDF}.Release|Any CPU.Build.0 = Release|Any CPU
		{F0F7B998-10A6-4525-97D5-1EEE1DD29A24}.Debug|Any CPU.ActiveCfg = Debug|Any CPU
		{F0F7B998-10A6-4525-97D5-1EEE1DD29A24}.Debug|Any CPU.Build.0 = Debug|Any CPU
		{F0F7B998-10A6-4525-97D5-1EEE1DD29A24}.Release|Any CPU.ActiveCfg = Release|Any CPU
		{F0F7B998-10A6-4525-97D5-1EEE1DD29A24}.Release|Any CPU.Build.0 = Release|Any CPU
		{8969AA57-6A99-4F6D-BC90-EF490DE4731A}.Debug|Any CPU.ActiveCfg = Debug|Any CPU
		{8969AA57-6A99-4F6D-BC90-EF490DE4731A}.Debug|Any CPU.Build.0 = Debug|Any CPU
		{8969AA57-6A99-4F6D-BC90-EF490DE4731A}.Release|Any CPU.ActiveCfg = Release|Any CPU
		{8969AA57-6A99-4F6D-BC90-EF490DE4731A}.Release|Any CPU.Build.0 = Release|Any CPU
		{2E0B8E6F-7EE7-4E11-8B4B-9F55BE1D40F7}.Debug|Any CPU.ActiveCfg = Debug|Any CPU
		{2E0B8E6F-7EE7-4E11-8B4B-9F55BE1D40F7}.Debug|Any CPU.Build.0 = Debug|Any CPU
		{2E0B8E6F-7EE7-4E11-8B4B-9F55BE1D40F7}.Release|Any CPU.ActiveCfg = Release|Any CPU
		{2E0B8E6F-7EE7-4E11-8B4B-9F55BE1D40F7}.Release|Any CPU.Build.0 = Release|Any CPU
		{9A412A9C-DCAF-4ED9-A980-5F2145D0B655}.Debug|Any CPU.ActiveCfg = Debug|Any CPU
		{9A412A9C-DCAF-4ED9-A980-5F2145D0B655}.Debug|Any CPU.Build.0 = Debug|Any CPU
		{9A412A9C-DCAF-4ED9-A980-5F2145D0B655}.Release|Any CPU.ActiveCfg = Release|Any CPU
		{9A412A9C-DCAF-4ED9-A980-5F2145D0B655}.Release|Any CPU.Build.0 = Release|Any CPU
		{949E98AE-EFB7-4319-8A07-581F95A5F875}.Debug|Any CPU.ActiveCfg = Debug|Any CPU
		{949E98AE-EFB7-4319-8A07-581F95A5F875}.Debug|Any CPU.Build.0 = Debug|Any CPU
		{949E98AE-EFB7-4319-8A07-581F95A5F875}.Release|Any CPU.ActiveCfg = Release|Any CPU
		{949E98AE-EFB7-4319-8A07-581F95A5F875}.Release|Any CPU.Build.0 = Release|Any CPU
		{CE53CE2D-1DF8-4043-A1C1-1A3455D232EB}.Debug|Any CPU.ActiveCfg = Debug|Any CPU
		{CE53CE2D-1DF8-4043-A1C1-1A3455D232EB}.Debug|Any CPU.Build.0 = Debug|Any CPU
		{CE53CE2D-1DF8-4043-A1C1-1A3455D232EB}.Release|Any CPU.ActiveCfg = Release|Any CPU
		{CE53CE2D-1DF8-4043-A1C1-1A3455D232EB}.Release|Any CPU.Build.0 = Release|Any CPU
		{DE3E51FC-789B-4977-92EF-02146C233A3A}.Debug|Any CPU.ActiveCfg = Debug|Any CPU
		{DE3E51FC-789B-4977-92EF-02146C233A3A}.Debug|Any CPU.Build.0 = Debug|Any CPU
		{DE3E51FC-789B-4977-92EF-02146C233A3A}.Release|Any CPU.ActiveCfg = Release|Any CPU
		{DE3E51FC-789B-4977-92EF-02146C233A3A}.Release|Any CPU.Build.0 = Release|Any CPU
		{411E0FD4-F11E-4E1B-AF54-6C1D7A6473CD}.Debug|Any CPU.ActiveCfg = Debug|Any CPU
		{411E0FD4-F11E-4E1B-AF54-6C1D7A6473CD}.Debug|Any CPU.Build.0 = Debug|Any CPU
		{411E0FD4-F11E-4E1B-AF54-6C1D7A6473CD}.Release|Any CPU.ActiveCfg = Release|Any CPU
		{411E0FD4-F11E-4E1B-AF54-6C1D7A6473CD}.Release|Any CPU.Build.0 = Release|Any CPU
		{7CF371D9-1629-4244-B35D-1BE9BB786972}.Debug|Any CPU.ActiveCfg = Debug|Any CPU
		{7CF371D9-1629-4244-B35D-1BE9BB786972}.Debug|Any CPU.Build.0 = Debug|Any CPU
		{7CF371D9-1629-4244-B35D-1BE9BB786972}.Release|Any CPU.ActiveCfg = Release|Any CPU
		{7CF371D9-1629-4244-B35D-1BE9BB786972}.Release|Any CPU.Build.0 = Release|Any CPU
		{127B6F5D-5E98-44AF-BC10-C51A4C483145}.Debug|Any CPU.ActiveCfg = Debug|Any CPU
		{127B6F5D-5E98-44AF-BC10-C51A4C483145}.Debug|Any CPU.Build.0 = Debug|Any CPU
		{127B6F5D-5E98-44AF-BC10-C51A4C483145}.Release|Any CPU.ActiveCfg = Release|Any CPU
		{127B6F5D-5E98-44AF-BC10-C51A4C483145}.Release|Any CPU.Build.0 = Release|Any CPU
		{2E92E8F2-5FD4-4011-8ACC-4B2967CAB4A1}.Debug|Any CPU.ActiveCfg = Debug|Any CPU
		{2E92E8F2-5FD4-4011-8ACC-4B2967CAB4A1}.Debug|Any CPU.Build.0 = Debug|Any CPU
		{2E92E8F2-5FD4-4011-8ACC-4B2967CAB4A1}.Release|Any CPU.ActiveCfg = Release|Any CPU
		{2E92E8F2-5FD4-4011-8ACC-4B2967CAB4A1}.Release|Any CPU.Build.0 = Release|Any CPU
		{60904A87-149E-4CE0-80A3-CA9BB6B971E2}.Debug|Any CPU.ActiveCfg = Debug|Any CPU
		{60904A87-149E-4CE0-80A3-CA9BB6B971E2}.Debug|Any CPU.Build.0 = Debug|Any CPU
		{60904A87-149E-4CE0-80A3-CA9BB6B971E2}.Release|Any CPU.ActiveCfg = Release|Any CPU
		{60904A87-149E-4CE0-80A3-CA9BB6B971E2}.Release|Any CPU.Build.0 = Release|Any CPU
		{DBF1F04D-7826-4B9F-A50D-92FF335002C4}.Debug|Any CPU.ActiveCfg = Debug|Any CPU
		{DBF1F04D-7826-4B9F-A50D-92FF335002C4}.Debug|Any CPU.Build.0 = Debug|Any CPU
		{DBF1F04D-7826-4B9F-A50D-92FF335002C4}.Release|Any CPU.ActiveCfg = Release|Any CPU
		{DBF1F04D-7826-4B9F-A50D-92FF335002C4}.Release|Any CPU.Build.0 = Release|Any CPU
		{69E26296-9EAA-41CE-8388-E6026EAE05EB}.Debug|Any CPU.ActiveCfg = Debug|Any CPU
		{69E26296-9EAA-41CE-8388-E6026EAE05EB}.Debug|Any CPU.Build.0 = Debug|Any CPU
		{69E26296-9EAA-41CE-8388-E6026EAE05EB}.Release|Any CPU.ActiveCfg = Release|Any CPU
		{69E26296-9EAA-41CE-8388-E6026EAE05EB}.Release|Any CPU.Build.0 = Release|Any CPU
		{8BFCD5B0-E47B-48A5-92F5-8665D8826AEC}.Debug|Any CPU.ActiveCfg = Debug|Any CPU
		{8BFCD5B0-E47B-48A5-92F5-8665D8826AEC}.Debug|Any CPU.Build.0 = Debug|Any CPU
		{8BFCD5B0-E47B-48A5-92F5-8665D8826AEC}.Release|Any CPU.ActiveCfg = Release|Any CPU
		{8BFCD5B0-E47B-48A5-92F5-8665D8826AEC}.Release|Any CPU.Build.0 = Release|Any CPU
		{6F0C238D-926A-46E8-A1D3-86FACA6C5F02}.Debug|Any CPU.ActiveCfg = Debug|Any CPU
		{6F0C238D-926A-46E8-A1D3-86FACA6C5F02}.Debug|Any CPU.Build.0 = Debug|Any CPU
		{6F0C238D-926A-46E8-A1D3-86FACA6C5F02}.Release|Any CPU.ActiveCfg = Release|Any CPU
		{6F0C238D-926A-46E8-A1D3-86FACA6C5F02}.Release|Any CPU.Build.0 = Release|Any CPU
		{8E6597E1-4D8B-4BD2-9F8E-C87A8C9588F1}.Debug|Any CPU.ActiveCfg = Debug|Any CPU
		{8E6597E1-4D8B-4BD2-9F8E-C87A8C9588F1}.Debug|Any CPU.Build.0 = Debug|Any CPU
		{8E6597E1-4D8B-4BD2-9F8E-C87A8C9588F1}.Release|Any CPU.ActiveCfg = Release|Any CPU
		{8E6597E1-4D8B-4BD2-9F8E-C87A8C9588F1}.Release|Any CPU.Build.0 = Release|Any CPU
		{8A64A6BD-B1E9-4018-B8D2-1556FC282718}.Debug|Any CPU.ActiveCfg = Debug|Any CPU
		{8A64A6BD-B1E9-4018-B8D2-1556FC282718}.Debug|Any CPU.Build.0 = Debug|Any CPU
		{8A64A6BD-B1E9-4018-B8D2-1556FC282718}.Release|Any CPU.ActiveCfg = Release|Any CPU
		{8A64A6BD-B1E9-4018-B8D2-1556FC282718}.Release|Any CPU.Build.0 = Release|Any CPU
		{2FF1570F-FC19-454A-A565-57499075C42B}.Debug|Any CPU.ActiveCfg = Debug|Any CPU
		{2FF1570F-FC19-454A-A565-57499075C42B}.Debug|Any CPU.Build.0 = Debug|Any CPU
		{2FF1570F-FC19-454A-A565-57499075C42B}.Release|Any CPU.ActiveCfg = Release|Any CPU
		{2FF1570F-FC19-454A-A565-57499075C42B}.Release|Any CPU.Build.0 = Release|Any CPU
		{7F00E98A-063E-49F7-A8A4-6831472C536A}.Debug|Any CPU.ActiveCfg = Debug|Any CPU
		{7F00E98A-063E-49F7-A8A4-6831472C536A}.Debug|Any CPU.Build.0 = Debug|Any CPU
		{7F00E98A-063E-49F7-A8A4-6831472C536A}.Release|Any CPU.ActiveCfg = Release|Any CPU
		{7F00E98A-063E-49F7-A8A4-6831472C536A}.Release|Any CPU.Build.0 = Release|Any CPU
		{4D1B31E2-2AF3-4879-97DC-656028065643}.Debug|Any CPU.ActiveCfg = Debug|Any CPU
		{4D1B31E2-2AF3-4879-97DC-656028065643}.Debug|Any CPU.Build.0 = Debug|Any CPU
		{4D1B31E2-2AF3-4879-97DC-656028065643}.Release|Any CPU.ActiveCfg = Release|Any CPU
		{4D1B31E2-2AF3-4879-97DC-656028065643}.Release|Any CPU.Build.0 = Release|Any CPU
		{90EA665A-0505-4354-B543-68D9033B479F}.Debug|Any CPU.ActiveCfg = Debug|Any CPU
		{90EA665A-0505-4354-B543-68D9033B479F}.Debug|Any CPU.Build.0 = Debug|Any CPU
		{90EA665A-0505-4354-B543-68D9033B479F}.Release|Any CPU.ActiveCfg = Release|Any CPU
		{90EA665A-0505-4354-B543-68D9033B479F}.Release|Any CPU.Build.0 = Release|Any CPU
		{850B0A36-79D0-494A-8B97-86E42EC49634}.Debug|Any CPU.ActiveCfg = Debug|Any CPU
		{850B0A36-79D0-494A-8B97-86E42EC49634}.Debug|Any CPU.Build.0 = Debug|Any CPU
		{850B0A36-79D0-494A-8B97-86E42EC49634}.Release|Any CPU.ActiveCfg = Release|Any CPU
		{850B0A36-79D0-494A-8B97-86E42EC49634}.Release|Any CPU.Build.0 = Release|Any CPU
	EndGlobalSection
	GlobalSection(SolutionProperties) = preSolution
		HideSolutionNode = FALSE
	EndGlobalSection
	GlobalSection(NestedProjects) = preSolution
		{52968E06-0957-46F9-8262-2F8F0179FB99} = {FD7B46D2-BCFB-44EB-906D-9710BAEEECA6}
		{606590AC-47E1-494A-B858-C882FF0F4B4C} = {FD7B46D2-BCFB-44EB-906D-9710BAEEECA6}
		{BDDD3D25-9D27-4B2C-B285-3FCAA4A234B0} = {606590AC-47E1-494A-B858-C882FF0F4B4C}
		{638579B5-1250-4D26-8C98-8C7F757BD152} = {3F6B3D90-9BC4-4307-8240-ACC3E8CB062B}
		{CA334480-3AA9-4B10-9854-E6B52C976BC9} = {8803A2E9-DA09-485D-8CF7-9026AC5084C1}
		{8803A2E9-DA09-485D-8CF7-9026AC5084C1} = {BDDD3D25-9D27-4B2C-B285-3FCAA4A234B0}
		{772E713D-B8FD-4D59-B5DA-61DC1AE0F3B1} = {BDDD3D25-9D27-4B2C-B285-3FCAA4A234B0}
		{9F2A9984-6911-4432-BF10-E4E3A878279D} = {772E713D-B8FD-4D59-B5DA-61DC1AE0F3B1}
		{1C54126F-D4E6-4619-869F-1DD65A66E48B} = {D21FB685-A47B-431A-BFF9-04D7BF02D37B}
		{2A8535F3-55A3-46F0-9405-73D4C74CA56E} = {FD7B46D2-BCFB-44EB-906D-9710BAEEECA6}
		{0496B6CC-617E-448F-A2FE-8D9788FB9FF2} = {7ADC06D7-6B81-470F-A138-855C8D816507}
		{367A57D9-5058-4182-AA66-729EEAB49A06} = {7ADC06D7-6B81-470F-A138-855C8D816507}
		{63E92641-CEF2-41FA-978B-ECF8FA0BD3FD} = {8803A2E9-DA09-485D-8CF7-9026AC5084C1}
		{7ADC06D7-6B81-470F-A138-855C8D816507} = {2A8535F3-55A3-46F0-9405-73D4C74CA56E}
		{1BBBFB08-5CAE-4E38-872C-350406B9C34D} = {FD7B46D2-BCFB-44EB-906D-9710BAEEECA6}
		{4093CFD7-B4B1-496C-8918-9B1966D6B784} = {1BBBFB08-5CAE-4E38-872C-350406B9C34D}
		{BE016D3C-907A-41AD-BC93-74437CC1AC0A} = {1BBBFB08-5CAE-4E38-872C-350406B9C34D}
		{D8BFEED2-ECF7-43F8-9160-AA65A54A2B86} = {606590AC-47E1-494A-B858-C882FF0F4B4C}
		{A1F0F93E-7B7B-4A0B-81F4-EA5DC2DCD62E} = {D8BFEED2-ECF7-43F8-9160-AA65A54A2B86}
		{CE666506-0ECD-44C6-8006-876B7DF3CBFF} = {D8BFEED2-ECF7-43F8-9160-AA65A54A2B86}
		{3563559A-F3BF-47E4-99CE-7C9B5E75DA67} = {FD7B46D2-BCFB-44EB-906D-9710BAEEECA6}
		{53A8FDBB-B502-4C10-AAE1-D5469FC83EB9} = {3563559A-F3BF-47E4-99CE-7C9B5E75DA67}
		{76710775-6272-429E-8632-46852E3C7C74} = {D52EED58-AA9A-4273-A0D5-594814DD9DC9}
		{681A22C5-93E3-4B65-898A-87978B414099} = {D52EED58-AA9A-4273-A0D5-594814DD9DC9}
		{3F6B3D90-9BC4-4307-8240-ACC3E8CB062B} = {606590AC-47E1-494A-B858-C882FF0F4B4C}
		{F6CBC07B-5465-4292-A27F-1CA9AE6C5EDF} = {3F6B3D90-9BC4-4307-8240-ACC3E8CB062B}
		{F0F7B998-10A6-4525-97D5-1EEE1DD29A24} = {3F6B3D90-9BC4-4307-8240-ACC3E8CB062B}
		{8969AA57-6A99-4F6D-BC90-EF490DE4731A} = {D8BFEED2-ECF7-43F8-9160-AA65A54A2B86}
		{2E0B8E6F-7EE7-4E11-8B4B-9F55BE1D40F7} = {D8BFEED2-ECF7-43F8-9160-AA65A54A2B86}
		{9A412A9C-DCAF-4ED9-A980-5F2145D0B655} = {D52EED58-AA9A-4273-A0D5-594814DD9DC9}
		{D52EED58-AA9A-4273-A0D5-594814DD9DC9} = {E52491C6-3274-4A5F-A214-146BA1F1A6C3}
		{949E98AE-EFB7-4319-8A07-581F95A5F875} = {1BBBFB08-5CAE-4E38-872C-350406B9C34D}
		{CE53CE2D-1DF8-4043-A1C1-1A3455D232EB} = {7ADC06D7-6B81-470F-A138-855C8D816507}
		{C40FCD04-1EA0-4E1F-BE91-5094CEFFD75C} = {606590AC-47E1-494A-B858-C882FF0F4B4C}
		{DE3E51FC-789B-4977-92EF-02146C233A3A} = {C40FCD04-1EA0-4E1F-BE91-5094CEFFD75C}
		{411E0FD4-F11E-4E1B-AF54-6C1D7A6473CD} = {52968E06-0957-46F9-8262-2F8F0179FB99}
		{7CF371D9-1629-4244-B35D-1BE9BB786972} = {51A880A9-6A4C-401B-9969-17EE9958A63D}
		{127B6F5D-5E98-44AF-BC10-C51A4C483145} = {52968E06-0957-46F9-8262-2F8F0179FB99}
		{2E92E8F2-5FD4-4011-8ACC-4B2967CAB4A1} = {51A880A9-6A4C-401B-9969-17EE9958A63D}
		{60904A87-149E-4CE0-80A3-CA9BB6B971E2} = {52968E06-0957-46F9-8262-2F8F0179FB99}
		{DBF1F04D-7826-4B9F-A50D-92FF335002C4} = {51A880A9-6A4C-401B-9969-17EE9958A63D}
		{69E26296-9EAA-41CE-8388-E6026EAE05EB} = {52968E06-0957-46F9-8262-2F8F0179FB99}
		{8BFCD5B0-E47B-48A5-92F5-8665D8826AEC} = {52968E06-0957-46F9-8262-2F8F0179FB99}
		{6F0C238D-926A-46E8-A1D3-86FACA6C5F02} = {51A880A9-6A4C-401B-9969-17EE9958A63D}
		{8E6597E1-4D8B-4BD2-9F8E-C87A8C9588F1} = {52968E06-0957-46F9-8262-2F8F0179FB99}
		{8A64A6BD-B1E9-4018-B8D2-1556FC282718} = {52968E06-0957-46F9-8262-2F8F0179FB99}
		{2FF1570F-FC19-454A-A565-57499075C42B} = {51A880A9-6A4C-401B-9969-17EE9958A63D}
		{7F00E98A-063E-49F7-A8A4-6831472C536A} = {52968E06-0957-46F9-8262-2F8F0179FB99}
		{4D1B31E2-2AF3-4879-97DC-656028065643} = {D8D3A691-10D4-4803-A49B-D5040E997711}
		{51A880A9-6A4C-401B-9969-17EE9958A63D} = {52968E06-0957-46F9-8262-2F8F0179FB99}
		{D8D3A691-10D4-4803-A49B-D5040E997711} = {52968E06-0957-46F9-8262-2F8F0179FB99}
		{90EA665A-0505-4354-B543-68D9033B479F} = {D8D3A691-10D4-4803-A49B-D5040E997711}
		{850B0A36-79D0-494A-8B97-86E42EC49634} = {D52EED58-AA9A-4273-A0D5-594814DD9DC9}
	EndGlobalSection
	GlobalSection(ExtensibilityGlobals) = postSolution
		SolutionGuid = {59195E76-F87F-4592-AA14-4B69BE44F2A6}
	EndGlobalSection
EndGlobal
